
Microsoft Visual Studio Solution File, Format Version 12.00
# Visual Studio Version 17
VisualStudioVersion = 17.14.36511.14 d17.14
MinimumVisualStudioVersion = 10.0.40219.1
Project("{FAE04EC0-301F-11D3-BF4B-00C04F79EFBC}") = "CalculoIMC", "CalculoIMC.csproj", "{0E454F2A-A322-4189-801E-41A0F77C4697}"
EndProject
Global
	GlobalSection(SolutionConfigurationPlatforms) = preSolution
		Debug|Any CPU = Debug|Any CPU
		Release|Any CPU = Release|Any CPU
	EndGlobalSection
	GlobalSection(ProjectConfigurationPlatforms) = postSolution
		{0E454F2A-A322-4189-801E-41A0F77C4697}.Debug|Any CPU.ActiveCfg = Debug|Any CPU
		{0E454F2A-A322-4189-801E-41A0F77C4697}.Debug|Any CPU.Build.0 = Debug|Any CPU
		{0E454F2A-A322-4189-801E-41A0F77C4697}.Release|Any CPU.ActiveCfg = Release|Any CPU
		{0E454F2A-A322-4189-801E-41A0F77C4697}.Release|Any CPU.Build.0 = Release|Any CPU
	EndGlobalSection
	GlobalSection(SolutionProperties) = preSolution
		HideSolutionNode = FALSE
	EndGlobalSection
	GlobalSection(ExtensibilityGlobals) = postSolution
		SolutionGuid = {6B1578B4-E97A-4144-B1FF-150E73BA2050}
	EndGlobalSection
EndGlobal
